
Microsoft Visual Studio Solution File, Format Version 12.00
Project("{FAE04EC0-301F-11D3-BF4B-00C04F79EFBC}") = "AtlasTextures", "Guides\AtlasTextures\AtlasTextures.csproj", "{1352A677-C91D-41AF-B8DC-DB01B714B25D}"
EndProject
Project("{FAE04EC0-301F-11D3-BF4B-00C04F79EFBC}") = "KeyboardInput", "Guides\KeyboardInput\KeyboardInput.csproj", "{1DE2B2D1-7516-432B-8793-C717D76AA629}"
EndProject
Project("{FAE04EC0-301F-11D3-BF4B-00C04F79EFBC}") = "MouseInput", "Guides\MouseInput\MouseInput.csproj", "{AB4B65BF-C3B9-4294-B774-274224990816}"
EndProject
Project("{FAE04EC0-301F-11D3-BF4B-00C04F79EFBC}") = "RenderingText", "Guides\RenderingText\RenderingText.csproj", "{F10BC764-2ED5-49C2-8815-1683842441C1}"
EndProject
Project("{FAE04EC0-301F-11D3-BF4B-00C04F79EFBC}") = "RenderingTextures", "Guides\RenderingTextures\RenderingTextures.csproj", "{9418C080-C808-45CE-91F9-9B3059973CB0}"
EndProject
Project("{FAE04EC0-301F-11D3-BF4B-00C04F79EFBC}") = "RotatingTextures", "Guides\RotatingTextures\RotatingTextures.csproj", "{5F76FCC2-5258-426A-A1D8-5346FA0B3EFA}"
EndProject
Project("{FAE04EC0-301F-11D3-BF4B-00C04F79EFBC}") = "Sounds", "Guides\Sounds\Sounds.csproj", "{A184D6C5-29CF-47A8-93DC-45161DB14100}"
EndProject
Project("{2150E333-8FDC-42A3-9474-1A3956D46DE8}") = "Guides", "Guides", "{02B09EF2-D131-4628-BAD5-602A3BD9188E}"
EndProject
Project("{2150E333-8FDC-42A3-9474-1A3956D46DE8}") = "Games", "Games", "{C24458DA-05B6-4102-BD79-61D3B6FD2FA7}"
EndProject
Project("{FAE04EC0-301F-11D3-BF4B-00C04F79EFBC}") = "SpaceShooter", "Games\SpaceShooter\SpaceShooter.csproj", "{640294BA-F14D-4563-80BE-49988000C8EF}"
EndProject
Global
	GlobalSection(SolutionConfigurationPlatforms) = preSolution
		Debug|Any CPU = Debug|Any CPU
		Release|Any CPU = Release|Any CPU
	EndGlobalSection
	GlobalSection(ProjectConfigurationPlatforms) = postSolution
		{1352A677-C91D-41AF-B8DC-DB01B714B25D}.Debug|Any CPU.ActiveCfg = Debug|Any CPU
		{1352A677-C91D-41AF-B8DC-DB01B714B25D}.Debug|Any CPU.Build.0 = Debug|Any CPU
		{1352A677-C91D-41AF-B8DC-DB01B714B25D}.Release|Any CPU.ActiveCfg = Release|Any CPU
		{1352A677-C91D-41AF-B8DC-DB01B714B25D}.Release|Any CPU.Build.0 = Release|Any CPU
		{1DE2B2D1-7516-432B-8793-C717D76AA629}.Debug|Any CPU.ActiveCfg = Debug|Any CPU
		{1DE2B2D1-7516-432B-8793-C717D76AA629}.Debug|Any CPU.Build.0 = Debug|Any CPU
		{1DE2B2D1-7516-432B-8793-C717D76AA629}.Release|Any CPU.ActiveCfg = Release|Any CPU
		{1DE2B2D1-7516-432B-8793-C717D76AA629}.Release|Any CPU.Build.0 = Release|Any CPU
		{AB4B65BF-C3B9-4294-B774-274224990816}.Debug|Any CPU.ActiveCfg = Debug|Any CPU
		{AB4B65BF-C3B9-4294-B774-274224990816}.Debug|Any CPU.Build.0 = Debug|Any CPU
		{AB4B65BF-C3B9-4294-B774-274224990816}.Release|Any CPU.ActiveCfg = Release|Any CPU
		{AB4B65BF-C3B9-4294-B774-274224990816}.Release|Any CPU.Build.0 = Release|Any CPU
		{F10BC764-2ED5-49C2-8815-1683842441C1}.Debug|Any CPU.ActiveCfg = Debug|Any CPU
		{F10BC764-2ED5-49C2-8815-1683842441C1}.Debug|Any CPU.Build.0 = Debug|Any CPU
		{F10BC764-2ED5-49C2-8815-1683842441C1}.Release|Any CPU.ActiveCfg = Release|Any CPU
		{F10BC764-2ED5-49C2-8815-1683842441C1}.Release|Any CPU.Build.0 = Release|Any CPU
		{9418C080-C808-45CE-91F9-9B3059973CB0}.Debug|Any CPU.ActiveCfg = Debug|Any CPU
		{9418C080-C808-45CE-91F9-9B3059973CB0}.Debug|Any CPU.Build.0 = Debug|Any CPU
		{9418C080-C808-45CE-91F9-9B3059973CB0}.Release|Any CPU.ActiveCfg = Release|Any CPU
		{9418C080-C808-45CE-91F9-9B3059973CB0}.Release|Any CPU.Build.0 = Release|Any CPU
		{5F76FCC2-5258-426A-A1D8-5346FA0B3EFA}.Debug|Any CPU.ActiveCfg = Debug|Any CPU
		{5F76FCC2-5258-426A-A1D8-5346FA0B3EFA}.Debug|Any CPU.Build.0 = Debug|Any CPU
		{5F76FCC2-5258-426A-A1D8-5346FA0B3EFA}.Release|Any CPU.ActiveCfg = Release|Any CPU
		{5F76FCC2-5258-426A-A1D8-5346FA0B3EFA}.Release|Any CPU.Build.0 = Release|Any CPU
		{A184D6C5-29CF-47A8-93DC-45161DB14100}.Debug|Any CPU.ActiveCfg = Debug|Any CPU
		{A184D6C5-29CF-47A8-93DC-45161DB14100}.Debug|Any CPU.Build.0 = Debug|Any CPU
		{A184D6C5-29CF-47A8-93DC-45161DB14100}.Release|Any CPU.ActiveCfg = Release|Any CPU
		{A184D6C5-29CF-47A8-93DC-45161DB14100}.Release|Any CPU.Build.0 = Release|Any CPU
		{640294BA-F14D-4563-80BE-49988000C8EF}.Debug|Any CPU.ActiveCfg = Debug|Any CPU
		{640294BA-F14D-4563-80BE-49988000C8EF}.Debug|Any CPU.Build.0 = Debug|Any CPU
		{640294BA-F14D-4563-80BE-49988000C8EF}.Release|Any CPU.ActiveCfg = Release|Any CPU
		{640294BA-F14D-4563-80BE-49988000C8EF}.Release|Any CPU.Build.0 = Release|Any CPU
	EndGlobalSection
	GlobalSection(NestedProjects) = preSolution
		{1352A677-C91D-41AF-B8DC-DB01B714B25D} = {02B09EF2-D131-4628-BAD5-602A3BD9188E}
		{1DE2B2D1-7516-432B-8793-C717D76AA629} = {02B09EF2-D131-4628-BAD5-602A3BD9188E}
		{AB4B65BF-C3B9-4294-B774-274224990816} = {02B09EF2-D131-4628-BAD5-602A3BD9188E}
		{F10BC764-2ED5-49C2-8815-1683842441C1} = {02B09EF2-D131-4628-BAD5-602A3BD9188E}
		{9418C080-C808-45CE-91F9-9B3059973CB0} = {02B09EF2-D131-4628-BAD5-602A3BD9188E}
		{5F76FCC2-5258-426A-A1D8-5346FA0B3EFA} = {02B09EF2-D131-4628-BAD5-602A3BD9188E}
		{A184D6C5-29CF-47A8-93DC-45161DB14100} = {02B09EF2-D131-4628-BAD5-602A3BD9188E}
		{640294BA-F14D-4563-80BE-49988000C8EF} = {C24458DA-05B6-4102-BD79-61D3B6FD2FA7}
	EndGlobalSection
EndGlobal
