
Microsoft Visual Studio Solution File, Format Version 12.00
Project("{FAE04EC0-301F-11D3-BF4B-00C04F79EFBC}") = "AtlasTextures", "Guides\AtlasTextures\AtlasTextures.csproj", "{1352A677-C91D-41AF-B8DC-DB01B714B25D}"
EndProject
Project("{FAE04EC0-301F-11D3-BF4B-00C04F79EFBC}") = "KeyboardInput", "Guides\KeyboardInput\KeyboardInput.csproj", "{1DE2B2D1-7516-432B-8793-C717D76AA629}"
EndProject
Project("{FAE04EC0-301F-11D3-BF4B-00C04F79EFBC}") = "MouseInput", "Guides\MouseInput\MouseInput.csproj", "{AB4B65BF-C3B9-4294-B774-274224990816}"
EndProject
Project("{FAE04EC0-301F-11D3-BF4B-00C04F79EFBC}") = "RenderingText", "Guides\RenderingText\RenderingText.csproj", "{F10BC764-2ED5-49C2-8815-1683842441C1}"
EndProject
Project("{FAE04EC0-301F-11D3-BF4B-00C04F79EFBC}") = "RenderingTextures", "Guides\RenderingTextures\RenderingTextures.csproj", "{9418C080-C808-45CE-91F9-9B3059973CB0}"
EndProject
Project("{FAE04EC0-301F-11D3-BF4B-00C04F79EFBC}") = "RotatingTextures", "Guides\RotatingTextures\RotatingTextures.csproj", "{5F76FCC2-5258-426A-A1D8-5346FA0B3EFA}"
EndProject
Project("{FAE04EC0-301F-11D3-BF4B-00C04F79EFBC}") = "Audio", "Guides\Audio\Audio.csproj", "{A184D6C5-29CF-47A8-93DC-45161DB14100}"
EndProject
Project("{2150E333-8FDC-42A3-9474-1A3956D46DE8}") = "Guides", "Guides", "{02B09EF2-D131-4628-BAD5-602A3BD9188E}"
EndProject
Project("{2150E333-8FDC-42A3-9474-1A3956D46DE8}") = "Games", "Games", "{C24458DA-05B6-4102-BD79-61D3B6FD2FA7}"
EndProject
Project("{FAE04EC0-301F-11D3-BF4B-00C04F79EFBC}") = "SpaceShooter", "Games\SpaceShooter\SpaceShooter.csproj", "{640294BA-F14D-4563-80BE-49988000C8EF}"
EndProject
Project("{FAE04EC0-301F-11D3-BF4B-00C04F79EFBC}") = "EmptyProject", "Guides\EmptyProject\EmptyProject.csproj", "{B7C0844B-F5F2-404A-BE9F-F7E39C551A56}"
EndProject
Project("{FAE04EC0-301F-11D3-BF4B-00C04F79EFBC}") = "ManagedScenes", "Guides\ManagedScenes\ManagedScenes.csproj", "{69DD1F16-C28E-4ECC-9E9B-A404A28B0F8C}"
EndProject
Project("{FAE04EC0-301F-11D3-BF4B-00C04F79EFBC}") = "UnmanagedScenes", "Guides\UnmanagedScenes\UnmanagedScenes.csproj", "{1B3DDC8F-C486-4818-AC13-23176B4B45E4}"
EndProject
Project("{FAE04EC0-301F-11D3-BF4B-00C04F79EFBC}") = "Rectangles", "Guides\Rectangles\Rectangles.csproj", "{78C04572-404C-4787-8189-CDFDE862376C}"
EndProject
Project("{FAE04EC0-301F-11D3-BF4B-00C04F79EFBC}") = "Lines", "Guides\Lines\Lines.csproj", "{C2C7C7A6-3A8A-4F30-A517-18D7748259C3}"
EndProject
Project("{FAE04EC0-301F-11D3-BF4B-00C04F79EFBC}") = "CirclePrison", "Samples\CirclePrison\CirclePrison.csproj", "{9196847B-8558-4935-82EE-69AE1F0C3BB3}"
EndProject
Project("{2150E333-8FDC-42A3-9474-1A3956D46DE8}") = "Samples", "Samples", "{BFFC67C9-73D5-45F1-B05E-8DA2E0DA9011}"
EndProject
Project("{FAE04EC0-301F-11D3-BF4B-00C04F79EFBC}") = "Circles", "Guides\Circles\Circles.csproj", "{C17CCB2E-29D0-49B7-8A7A-82E1719513C4}"
EndProject
Global
	GlobalSection(SolutionConfigurationPlatforms) = preSolution
		Debug|Any CPU = Debug|Any CPU
		Release|Any CPU = Release|Any CPU
	EndGlobalSection
	GlobalSection(ProjectConfigurationPlatforms) = postSolution
		{1352A677-C91D-41AF-B8DC-DB01B714B25D}.Debug|Any CPU.ActiveCfg = Debug|Any CPU
		{1352A677-C91D-41AF-B8DC-DB01B714B25D}.Debug|Any CPU.Build.0 = Debug|Any CPU
		{1352A677-C91D-41AF-B8DC-DB01B714B25D}.Release|Any CPU.ActiveCfg = Release|Any CPU
		{1352A677-C91D-41AF-B8DC-DB01B714B25D}.Release|Any CPU.Build.0 = Release|Any CPU
		{1DE2B2D1-7516-432B-8793-C717D76AA629}.Debug|Any CPU.ActiveCfg = Debug|Any CPU
		{1DE2B2D1-7516-432B-8793-C717D76AA629}.Debug|Any CPU.Build.0 = Debug|Any CPU
		{1DE2B2D1-7516-432B-8793-C717D76AA629}.Release|Any CPU.ActiveCfg = Release|Any CPU
		{1DE2B2D1-7516-432B-8793-C717D76AA629}.Release|Any CPU.Build.0 = Release|Any CPU
		{AB4B65BF-C3B9-4294-B774-274224990816}.Debug|Any CPU.ActiveCfg = Debug|Any CPU
		{AB4B65BF-C3B9-4294-B774-274224990816}.Debug|Any CPU.Build.0 = Debug|Any CPU
		{AB4B65BF-C3B9-4294-B774-274224990816}.Release|Any CPU.ActiveCfg = Release|Any CPU
		{AB4B65BF-C3B9-4294-B774-274224990816}.Release|Any CPU.Build.0 = Release|Any CPU
		{F10BC764-2ED5-49C2-8815-1683842441C1}.Debug|Any CPU.ActiveCfg = Debug|Any CPU
		{F10BC764-2ED5-49C2-8815-1683842441C1}.Debug|Any CPU.Build.0 = Debug|Any CPU
		{F10BC764-2ED5-49C2-8815-1683842441C1}.Release|Any CPU.ActiveCfg = Release|Any CPU
		{F10BC764-2ED5-49C2-8815-1683842441C1}.Release|Any CPU.Build.0 = Release|Any CPU
		{9418C080-C808-45CE-91F9-9B3059973CB0}.Debug|Any CPU.ActiveCfg = Debug|Any CPU
		{9418C080-C808-45CE-91F9-9B3059973CB0}.Debug|Any CPU.Build.0 = Debug|Any CPU
		{9418C080-C808-45CE-91F9-9B3059973CB0}.Release|Any CPU.ActiveCfg = Release|Any CPU
		{9418C080-C808-45CE-91F9-9B3059973CB0}.Release|Any CPU.Build.0 = Release|Any CPU
		{5F76FCC2-5258-426A-A1D8-5346FA0B3EFA}.Debug|Any CPU.ActiveCfg = Debug|Any CPU
		{5F76FCC2-5258-426A-A1D8-5346FA0B3EFA}.Debug|Any CPU.Build.0 = Debug|Any CPU
		{5F76FCC2-5258-426A-A1D8-5346FA0B3EFA}.Release|Any CPU.ActiveCfg = Release|Any CPU
		{5F76FCC2-5258-426A-A1D8-5346FA0B3EFA}.Release|Any CPU.Build.0 = Release|Any CPU
		{A184D6C5-29CF-47A8-93DC-45161DB14100}.Debug|Any CPU.ActiveCfg = Debug|Any CPU
		{A184D6C5-29CF-47A8-93DC-45161DB14100}.Debug|Any CPU.Build.0 = Debug|Any CPU
		{A184D6C5-29CF-47A8-93DC-45161DB14100}.Release|Any CPU.ActiveCfg = Release|Any CPU
		{A184D6C5-29CF-47A8-93DC-45161DB14100}.Release|Any CPU.Build.0 = Release|Any CPU
		{640294BA-F14D-4563-80BE-49988000C8EF}.Debug|Any CPU.ActiveCfg = Debug|Any CPU
		{640294BA-F14D-4563-80BE-49988000C8EF}.Debug|Any CPU.Build.0 = Debug|Any CPU
		{640294BA-F14D-4563-80BE-49988000C8EF}.Release|Any CPU.ActiveCfg = Release|Any CPU
		{640294BA-F14D-4563-80BE-49988000C8EF}.Release|Any CPU.Build.0 = Release|Any CPU
		{B7C0844B-F5F2-404A-BE9F-F7E39C551A56}.Debug|Any CPU.ActiveCfg = Debug|Any CPU
		{B7C0844B-F5F2-404A-BE9F-F7E39C551A56}.Debug|Any CPU.Build.0 = Debug|Any CPU
		{B7C0844B-F5F2-404A-BE9F-F7E39C551A56}.Release|Any CPU.ActiveCfg = Release|Any CPU
		{B7C0844B-F5F2-404A-BE9F-F7E39C551A56}.Release|Any CPU.Build.0 = Release|Any CPU
		{69DD1F16-C28E-4ECC-9E9B-A404A28B0F8C}.Debug|Any CPU.ActiveCfg = Debug|Any CPU
		{69DD1F16-C28E-4ECC-9E9B-A404A28B0F8C}.Debug|Any CPU.Build.0 = Debug|Any CPU
		{69DD1F16-C28E-4ECC-9E9B-A404A28B0F8C}.Release|Any CPU.ActiveCfg = Release|Any CPU
		{69DD1F16-C28E-4ECC-9E9B-A404A28B0F8C}.Release|Any CPU.Build.0 = Release|Any CPU
		{1B3DDC8F-C486-4818-AC13-23176B4B45E4}.Debug|Any CPU.ActiveCfg = Debug|Any CPU
		{1B3DDC8F-C486-4818-AC13-23176B4B45E4}.Debug|Any CPU.Build.0 = Debug|Any CPU
		{1B3DDC8F-C486-4818-AC13-23176B4B45E4}.Release|Any CPU.ActiveCfg = Release|Any CPU
		{1B3DDC8F-C486-4818-AC13-23176B4B45E4}.Release|Any CPU.Build.0 = Release|Any CPU
		{78C04572-404C-4787-8189-CDFDE862376C}.Debug|Any CPU.ActiveCfg = Debug|Any CPU
		{78C04572-404C-4787-8189-CDFDE862376C}.Debug|Any CPU.Build.0 = Debug|Any CPU
		{78C04572-404C-4787-8189-CDFDE862376C}.Release|Any CPU.ActiveCfg = Release|Any CPU
		{78C04572-404C-4787-8189-CDFDE862376C}.Release|Any CPU.Build.0 = Release|Any CPU
		{C2C7C7A6-3A8A-4F30-A517-18D7748259C3}.Debug|Any CPU.ActiveCfg = Debug|Any CPU
		{C2C7C7A6-3A8A-4F30-A517-18D7748259C3}.Debug|Any CPU.Build.0 = Debug|Any CPU
		{C2C7C7A6-3A8A-4F30-A517-18D7748259C3}.Release|Any CPU.ActiveCfg = Release|Any CPU
		{C2C7C7A6-3A8A-4F30-A517-18D7748259C3}.Release|Any CPU.Build.0 = Release|Any CPU
		{9196847B-8558-4935-82EE-69AE1F0C3BB3}.Debug|Any CPU.ActiveCfg = Debug|Any CPU
		{9196847B-8558-4935-82EE-69AE1F0C3BB3}.Debug|Any CPU.Build.0 = Debug|Any CPU
		{9196847B-8558-4935-82EE-69AE1F0C3BB3}.Release|Any CPU.ActiveCfg = Release|Any CPU
		{9196847B-8558-4935-82EE-69AE1F0C3BB3}.Release|Any CPU.Build.0 = Release|Any CPU
		{C17CCB2E-29D0-49B7-8A7A-82E1719513C4}.Debug|Any CPU.ActiveCfg = Debug|Any CPU
		{C17CCB2E-29D0-49B7-8A7A-82E1719513C4}.Debug|Any CPU.Build.0 = Debug|Any CPU
		{C17CCB2E-29D0-49B7-8A7A-82E1719513C4}.Release|Any CPU.ActiveCfg = Release|Any CPU
		{C17CCB2E-29D0-49B7-8A7A-82E1719513C4}.Release|Any CPU.Build.0 = Release|Any CPU
	EndGlobalSection
	GlobalSection(NestedProjects) = preSolution
		{1352A677-C91D-41AF-B8DC-DB01B714B25D} = {02B09EF2-D131-4628-BAD5-602A3BD9188E}
		{1DE2B2D1-7516-432B-8793-C717D76AA629} = {02B09EF2-D131-4628-BAD5-602A3BD9188E}
		{AB4B65BF-C3B9-4294-B774-274224990816} = {02B09EF2-D131-4628-BAD5-602A3BD9188E}
		{F10BC764-2ED5-49C2-8815-1683842441C1} = {02B09EF2-D131-4628-BAD5-602A3BD9188E}
		{9418C080-C808-45CE-91F9-9B3059973CB0} = {02B09EF2-D131-4628-BAD5-602A3BD9188E}
		{5F76FCC2-5258-426A-A1D8-5346FA0B3EFA} = {02B09EF2-D131-4628-BAD5-602A3BD9188E}
		{A184D6C5-29CF-47A8-93DC-45161DB14100} = {02B09EF2-D131-4628-BAD5-602A3BD9188E}
		{640294BA-F14D-4563-80BE-49988000C8EF} = {C24458DA-05B6-4102-BD79-61D3B6FD2FA7}
		{B7C0844B-F5F2-404A-BE9F-F7E39C551A56} = {02B09EF2-D131-4628-BAD5-602A3BD9188E}
		{69DD1F16-C28E-4ECC-9E9B-A404A28B0F8C} = {02B09EF2-D131-4628-BAD5-602A3BD9188E}
		{1B3DDC8F-C486-4818-AC13-23176B4B45E4} = {02B09EF2-D131-4628-BAD5-602A3BD9188E}
		{78C04572-404C-4787-8189-CDFDE862376C} = {02B09EF2-D131-4628-BAD5-602A3BD9188E}
		{C2C7C7A6-3A8A-4F30-A517-18D7748259C3} = {02B09EF2-D131-4628-BAD5-602A3BD9188E}
		{9196847B-8558-4935-82EE-69AE1F0C3BB3} = {BFFC67C9-73D5-45F1-B05E-8DA2E0DA9011}
		{C17CCB2E-29D0-49B7-8A7A-82E1719513C4} = {02B09EF2-D131-4628-BAD5-602A3BD9188E}
	EndGlobalSection
	GlobalSection(RiderSharedRunConfigurations) = postSolution
		File = ..\.github\cicd\RepoSrc\.run\KeyboardPerf.run.xml
		File = ..\.github\cicd\RepoSrc\.run\MeasureTextPerf.run.xml
		File = ..\.github\cicd\RepoSrc\.run\MousePerf.run.xml
		File = ..\.github\cicd\RepoSrc\.run\Playground.run.xml
		File = ..\.github\cicd\RepoSrc\.run\Publish VelaptorTesting (Debug Linux).run.xml
		File = ..\.github\cicd\RepoSrc\.run\Publish VelaptorTesting (Debug Win).run.xml
		File = ..\.github\cicd\RepoSrc\.run\Publish VelaptorTesting (Debug-Console Linux).run.xml
		File = ..\.github\cicd\RepoSrc\.run\Publish VelaptorTesting (Debug-Console Win).run.xml
		File = ..\.github\cicd\RepoSrc\.run\Publish VelaptorTesting (Release Console Linux) .run.xml
		File = ..\.github\cicd\RepoSrc\.run\Publish VelaptorTesting (Release Console Win) .run.xml
		File = ..\.github\cicd\RepoSrc\.run\Publish VelaptorTesting (Release Linux).run.xml
		File = ..\.github\cicd\RepoSrc\.run\Publish VelaptorTesting (Release Win).run.xml
		File = ..\.github\cicd\RepoSrc\.run\VelaptorTesting.run.xml
	EndGlobalSection
EndGlobal
